# This file is autogenerated, do not edit; changes may be undone by the next 'dep ensure'.


[[projects]]
  name = "github.com/fatih/color"
  packages = ["."]
  revision = "570b54cabe6b8eb0bc2dfce68d964677d63b5260"
  version = "v1.5.0"

[[projects]]
  name = "github.com/imroc/req"
  packages = ["."]
  revision = "e487483388746c1438a8a81aa3db91177eae2720"
  version = "v0.1.8"

[[projects]]
  name = "github.com/mattn/go-colorable"
  packages = ["."]
  revision = "167de6bfdfba052fa6b2d3664c8f5272e23c9072"
  version = "v0.0.9"

[[projects]]
  name = "github.com/mattn/go-isatty"
  packages = ["."]
  revision = "0360b2af4f38e8d38c7fce2a9f4e702702d73a39"
  version = "v0.0.3"

[[projects]]
  name = "github.com/robfig/cron"
  packages = ["."]
  revision = "b024fc5ea0e34bc3f83d9941c8d60b0622bfaca4"
  version = "v1"

[[projects]]
  branch = "master"
  name = "golang.org/x/sys"
  packages = ["unix"]
  revision = "dd9ec17814d5b1de388ebe438ec013d57d8b3779"

[[projects]]
  name = "gopkg.in/clog.v1"
  packages = ["."]
  revision = "8492a6faa632c31ba82f562b53b4a6e5eacf2732"
  version = "v1.1.1"

[solve-meta]
  analyzer-name = "dep"
  analyzer-version = 1
  inputs-digest = "20d10bfd1290763e61e5d3ef01e06fcad0e0cdcf11241d77b36a2daba842fc8c"
  solver-name = "gps-cdcl"
  solver-version = 1
